{
    __meta__ = {
        version = "1.0"
    },
    ["windows|x64"] = {
        ["cmake#f56260b5"] = {
            repo = {
                branch = "master",
                commit = "af695e2f9c6f2ed5fdc2c27d00ca2923bc33335b",
                url = "https://gitlab.com/tboox/xmake-repo.git"
            },
            version = "3.30.5"
        },
        ["directxmath 2024.02#f56260b5"] = {
            repo = {
                branch = "master",
                commit = "af695e2f9c6f2ed5fdc2c27d00ca2923bc33335b",
                url = "https://gitlab.com/tboox/xmake-repo.git"
            },
            version = "2024.02"
        },
        ["directxtk 24.2.0#f56260b5"] = {
            repo = {
                branch = "master",
                commit = "af695e2f9c6f2ed5fdc2c27d00ca2923bc33335b",
                url = "https://gitlab.com/tboox/xmake-repo.git"
            },
            version = "24.2.0"
        },
        ["ninja#f56260b5"] = {
            repo = {
                branch = "master",
                commit = "af695e2f9c6f2ed5fdc2c27d00ca2923bc33335b",
                url = "https://gitlab.com/tboox/xmake-repo.git"
            },
            version = "1.11.0"
        },
        ["nlohmann_json v3.12.0#f56260b5"] = {
            repo = {
                branch = "master",
                commit = "af695e2f9c6f2ed5fdc2c27d00ca2923bc33335b",
                url = "https://gitlab.com/tboox/xmake-repo.git"
            },
            version = "v3.12.0"
        },
        ["rapidcsv v8.92#f56260b5"] = {
            branch = "v8.92",
            repo = {
                branch = "master",
                commit = "af695e2f9c6f2ed5fdc2c27d00ca2923bc33335b",
                url = "https://gitlab.com/tboox/xmake-repo.git"
            },
            version = "v8.92"
        },
        ["spdlog v1.16.0#09c8c173"] = {
            repo = {
                branch = "master",
                commit = "af695e2f9c6f2ed5fdc2c27d00ca2923bc33335b",
                url = "https://gitlab.com/tboox/xmake-repo.git"
            },
            version = "v1.16.0"
        },
        ["xbyak v7.06#f56260b5"] = {
            repo = {
                branch = "master",
                commit = "c674d681d6003221bb79bb57121ff6d1aa2a1a35",
                url = "https://github.com/xmake-io/xmake-repo.git"
            },
            version = "v7.06"
        }
    }
}